
Microsoft Visual Studio Solution File, Format Version 12.00
# Visual Studio Version 16
VisualStudioVersion = 16.0.29424.173
MinimumVisualStudioVersion = 10.0.40219.1
Project("{FAE04EC0-301F-11D3-BF4B-00C04F79EFBC}") = "RPN", "RPN\RPN.csproj", "{58EE6FDB-E8F2-4040-9F45-4068E70F11A2}"
EndProject
Project("{FAE04EC0-301F-11D3-BF4B-00C04F79EFBC}") = "RPNUnitTests", "RPNUnitTests\RPNUnitTests.csproj", "{7A320AA3-44F5-47C2-98A3-4E6CAE064AD3}"
EndProject
Global
	GlobalSection(SolutionConfigurationPlatforms) = preSolution
		Debug|Any CPU = Debug|Any CPU
		Release|Any CPU = Release|Any CPU
	EndGlobalSection
	GlobalSection(ProjectConfigurationPlatforms) = postSolution
		{58EE6FDB-E8F2-4040-9F45-4068E70F11A2}.Debug|Any CPU.ActiveCfg = Debug|Any CPU
		{58EE6FDB-E8F2-4040-9F45-4068E70F11A2}.Debug|Any CPU.Build.0 = Debug|Any CPU
		{58EE6FDB-E8F2-4040-9F45-4068E70F11A2}.Release|Any CPU.ActiveCfg = Release|Any CPU
		{58EE6FDB-E8F2-4040-9F45-4068E70F11A2}.Release|Any CPU.Build.0 = Release|Any CPU
		{7A320AA3-44F5-47C2-98A3-4E6CAE064AD3}.Debug|Any CPU.ActiveCfg = Debug|Any CPU
		{7A320AA3-44F5-47C2-98A3-4E6CAE064AD3}.Debug|Any CPU.Build.0 = Debug|Any CPU
		{7A320AA3-44F5-47C2-98A3-4E6CAE064AD3}.Release|Any CPU.ActiveCfg = Release|Any CPU
		{7A320AA3-44F5-47C2-98A3-4E6CAE064AD3}.Release|Any CPU.Build.0 = Release|Any CPU
	EndGlobalSection
	GlobalSection(SolutionProperties) = preSolution
		HideSolutionNode = FALSE
	EndGlobalSection
	GlobalSection(ExtensibilityGlobals) = postSolution
		SolutionGuid = {6BA98487-79C4-4B8A-A957-AD8243405B9A}
	EndGlobalSection
EndGlobal
